
Microsoft Visual Studio Solution File, Format Version 12.00
# Visual Studio Version 16
VisualStudioVersion = 16.0.30907.101
MinimumVisualStudioVersion = 10.0.40219.1
Project("{FAE04EC0-301F-11D3-BF4B-00C04F79EFBC}") = "ProjektSemestralny", "ProjektSemestralny.csproj", "{68C8049E-E6D1-4943-8EA7-6E4E3D7E66C0}"
EndProject
Project("{FAE04EC0-301F-11D3-BF4B-00C04F79EFBC}") = "UnitTestProject1", "UnitTestProject1\UnitTestProject1.csproj", "{C3E03FF8-D0BA-4F88-B695-C9BEF4648F16}"
EndProject
Global
	GlobalSection(SolutionConfigurationPlatforms) = preSolution
		Debug|Any CPU = Debug|Any CPU
		Release|Any CPU = Release|Any CPU
	EndGlobalSection
	GlobalSection(ProjectConfigurationPlatforms) = postSolution
		{68C8049E-E6D1-4943-8EA7-6E4E3D7E66C0}.Debug|Any CPU.ActiveCfg = Debug|Any CPU
		{68C8049E-E6D1-4943-8EA7-6E4E3D7E66C0}.Debug|Any CPU.Build.0 = Debug|Any CPU
		{68C8049E-E6D1-4943-8EA7-6E4E3D7E66C0}.Release|Any CPU.ActiveCfg = Release|Any CPU
		{68C8049E-E6D1-4943-8EA7-6E4E3D7E66C0}.Release|Any CPU.Build.0 = Release|Any CPU
		{C3E03FF8-D0BA-4F88-B695-C9BEF4648F16}.Debug|Any CPU.ActiveCfg = Debug|Any CPU
		{C3E03FF8-D0BA-4F88-B695-C9BEF4648F16}.Debug|Any CPU.Build.0 = Debug|Any CPU
		{C3E03FF8-D0BA-4F88-B695-C9BEF4648F16}.Release|Any CPU.ActiveCfg = Release|Any CPU
		{C3E03FF8-D0BA-4F88-B695-C9BEF4648F16}.Release|Any CPU.Build.0 = Release|Any CPU
	EndGlobalSection
	GlobalSection(SolutionProperties) = preSolution
		HideSolutionNode = FALSE
	EndGlobalSection
	GlobalSection(ExtensibilityGlobals) = postSolution
		SolutionGuid = {65D709AB-4484-41AE-8804-4BB0B73B0716}
	EndGlobalSection
EndGlobal
